
Microsoft Visual Studio Solution File, Format Version 11.00
# Visual Studio 2010
Project("{FAE04EC0-301F-11D3-BF4B-00C04F79EFBC}") = "Shooter1", "Shooter1\Shooter1\Shooter1.csproj", "{6C44C564-81ED-4315-93CF-1F54B3CB2D7C}"
EndProject
Project("{96E2B04D-8817-42C6-938A-82C39BA4D311}") = "Shooter1Content", "Shooter1\Shooter1Content\Shooter1Content.contentproj", "{C68C9F69-5DA2-4626-8631-7F0FAAB72141}"
EndProject
Global
	GlobalSection(SolutionConfigurationPlatforms) = preSolution
		Debug|x86 = Debug|x86
		Release|x86 = Release|x86
	EndGlobalSection
	GlobalSection(ProjectConfigurationPlatforms) = postSolution
		{6C44C564-81ED-4315-93CF-1F54B3CB2D7C}.Debug|x86.ActiveCfg = Debug|x86
		{6C44C564-81ED-4315-93CF-1F54B3CB2D7C}.Debug|x86.Build.0 = Debug|x86
		{6C44C564-81ED-4315-93CF-1F54B3CB2D7C}.Release|x86.ActiveCfg = Release|x86
		{6C44C564-81ED-4315-93CF-1F54B3CB2D7C}.Release|x86.Build.0 = Release|x86
		{C68C9F69-5DA2-4626-8631-7F0FAAB72141}.Debug|x86.ActiveCfg = Debug|x86
		{C68C9F69-5DA2-4626-8631-7F0FAAB72141}.Release|x86.ActiveCfg = Release|x86
	EndGlobalSection
	GlobalSection(SolutionProperties) = preSolution
		HideSolutionNode = FALSE
	EndGlobalSection
EndGlobal
